// !$*UTF8*$!
{
	archiveVersion = 1;
	classes = {
	};
	objectVersion = 56;
	objects = {

/* Begin PBXBuildFile section */
		B5BC82AE2BD0123200291EB0 /* AppDelegate.swift in Sources */ = {isa = PBXBuildFile; fileRef = B5BC82AD2BD0123200291EB0 /* AppDelegate.swift */; };
		B5BC82B02BD0123200291EB0 /* SceneDelegate.swift in Sources */ = {isa = PBXBuildFile; fileRef = B5BC82AF2BD0123200291EB0 /* SceneDelegate.swift */; };
		B5BC82B22BD0123200291EB0 /* QuoteViewController.swift in Sources */ = {isa = PBXBuildFile; fileRef = B5BC82B12BD0123200291EB0 /* QuoteViewController.swift */; };
		B5BC82B52BD0123200291EB0 /* Main.storyboard in Resources */ = {isa = PBXBuildFile; fileRef = B5BC82B32BD0123200291EB0 /* Main.storyboard */; };
		B5BC82B72BD0123500291EB0 /* Assets.xcassets in Resources */ = {isa = PBXBuildFile; fileRef = B5BC82B62BD0123500291EB0 /* Assets.xcassets */; };
		B5BC82BA2BD0123500291EB0 /* LaunchScreen.storyboard in Resources */ = {isa = PBXBuildFile; fileRef = B5BC82B82BD0123500291EB0 /* LaunchScreen.storyboard */; };
		B5BC82C22BD015BA00291EB0 /* Quote.swift in Sources */ = {isa = PBXBuildFile; fileRef = B5BC82C12BD015BA00291EB0 /* Quote.swift */; };
		B5BC82C62BD0164900291EB0 /* API.swift in Sources */ = {isa = PBXBuildFile; fileRef = B5BC82C52BD0164900291EB0 /* API.swift */; };
		B5BC82C82BD0165F00291EB0 /* NetworkManager.swift in Sources */ = {isa = PBXBuildFile; fileRef = B5BC82C72BD0165F00291EB0 /* NetworkManager.swift */; };
		B5BC82CF2BD02C6200291EB0 /* QuoteViewModel.swift in Sources */ = {isa = PBXBuildFile; fileRef = B5BC82CE2BD02C6200291EB0 /* QuoteViewModel.swift */; };
/* End PBXBuildFile section */

/* Begin PBXFileReference section */
		B5BC82AA2BD0123200291EB0 /* RandomQuote.app */ = {isa = PBXFileReference; explicitFileType = wrapper.application; includeInIndex = 0; path = RandomQuote.app; sourceTree = BUILT_PRODUCTS_DIR; };
		B5BC82AD2BD0123200291EB0 /* AppDelegate.swift */ = {isa = PBXFileReference; lastKnownFileType = sourcecode.swift; path = AppDelegate.swift; sourceTree = "<group>"; };
		B5BC82AF2BD0123200291EB0 /* SceneDelegate.swift */ = {isa = PBXFileReference; lastKnownFileType = sourcecode.swift; path = SceneDelegate.swift; sourceTree = "<group>"; };
		B5BC82B12BD0123200291EB0 /* QuoteViewController.swift */ = {isa = PBXFileReference; lastKnownFileType = sourcecode.swift; path = QuoteViewController.swift; sourceTree = "<group>"; };
		B5BC82B42BD0123200291EB0 /* Base */ = {isa = PBXFileReference; lastKnownFileType = file.storyboard; name = Base; path = Base.lproj/Main.storyboard; sourceTree = "<group>"; };
		B5BC82B62BD0123500291EB0 /* Assets.xcassets */ = {isa = PBXFileReference; lastKnownFileType = folder.assetcatalog; path = Assets.xcassets; sourceTree = "<group>"; };
		B5BC82B92BD0123500291EB0 /* Base */ = {isa = PBXFileReference; lastKnownFileType = file.storyboard; name = Base; path = Base.lproj/LaunchScreen.storyboard; sourceTree = "<group>"; };
		B5BC82BB2BD0123500291EB0 /* Info.plist */ = {isa = PBXFileReference; lastKnownFileType = text.plist.xml; path = Info.plist; sourceTree = "<group>"; };
		B5BC82C12BD015BA00291EB0 /* Quote.swift */ = {isa = PBXFileReference; lastKnownFileType = sourcecode.swift; path = Quote.swift; sourceTree = "<group>"; };
		B5BC82C52BD0164900291EB0 /* API.swift */ = {isa = PBXFileReference; lastKnownFileType = sourcecode.swift; path = API.swift; sourceTree = "<group>"; };
		B5BC82C72BD0165F00291EB0 /* NetworkManager.swift */ = {isa = PBXFileReference; lastKnownFileType = sourcecode.swift; path = NetworkManager.swift; sourceTree = "<group>"; };
		B5BC82CE2BD02C6200291EB0 /* QuoteViewModel.swift */ = {isa = PBXFileReference; lastKnownFileType = sourcecode.swift; path = QuoteViewModel.swift; sourceTree = "<group>"; };
/* End PBXFileReference section */

/* Begin PBXFrameworksBuildPhase section */
		B5BC82A72BD0123200291EB0 /* Frameworks */ = {
			isa = PBXFrameworksBuildPhase;
			buildActionMask = 2147483647;
			files = (
			);
			runOnlyForDeploymentPostprocessing = 0;
		};
/* End PBXFrameworksBuildPhase section */

/* Begin PBXGroup section */
		B5BC82A12BD0123200291EB0 = {
			isa = PBXGroup;
			children = (
				B5BC82AC2BD0123200291EB0 /* RandomQuote */,
				B5BC82AB2BD0123200291EB0 /* Products */,
			);
			sourceTree = "<group>";
		};
		B5BC82AB2BD0123200291EB0 /* Products */ = {
			isa = PBXGroup;
			children = (
				B5BC82AA2BD0123200291EB0 /* RandomQuote.app */,
			);
			name = Products;
			sourceTree = "<group>";
		};
		B5BC82AC2BD0123200291EB0 /* RandomQuote */ = {
			isa = PBXGroup;
			children = (
				B5BC82CD2BD02C3B00291EB0 /* ViewModels */,
				B5BC82C92BD0166600291EB0 /* Services */,
				B5BC82C32BD015DC00291EB0 /* Model */,
				B5BC82C42BD015E500291EB0 /* ViewControllers */,
				B5BC82CB2BD0169700291EB0 /* Storyboard */,
				B5BC82CA2BD0168700291EB0 /* Supporting */,
				B5BC82CC2BD016A900291EB0 /* Resources */,
			);
			path = RandomQuote;
			sourceTree = "<group>";
		};
		B5BC82C32BD015DC00291EB0 /* Model */ = {
			isa = PBXGroup;
			children = (
				B5BC82C12BD015BA00291EB0 /* Quote.swift */,
			);
			path = Model;
			sourceTree = "<group>";
		};
		B5BC82C42BD015E500291EB0 /* ViewControllers */ = {
			isa = PBXGroup;
			children = (
				B5BC82B12BD0123200291EB0 /* QuoteViewController.swift */,
			);
			path = ViewControllers;
			sourceTree = "<group>";
		};
		B5BC82C92BD0166600291EB0 /* Services */ = {
			isa = PBXGroup;
			children = (
				B5BC82C52BD0164900291EB0 /* API.swift */,
				B5BC82C72BD0165F00291EB0 /* NetworkManager.swift */,
			);
			path = Services;
			sourceTree = "<group>";
		};
		B5BC82CA2BD0168700291EB0 /* Supporting */ = {
			isa = PBXGroup;
			children = (
				B5BC82AD2BD0123200291EB0 /* AppDelegate.swift */,
				B5BC82AF2BD0123200291EB0 /* SceneDelegate.swift */,
				B5BC82BB2BD0123500291EB0 /* Info.plist */,
			);
			path = Supporting;
			sourceTree = "<group>";
		};
		B5BC82CB2BD0169700291EB0 /* Storyboard */ = {
			isa = PBXGroup;
			children = (
				B5BC82B32BD0123200291EB0 /* Main.storyboard */,
				B5BC82B82BD0123500291EB0 /* LaunchScreen.storyboard */,
			);
			path = Storyboard;
			sourceTree = "<group>";
		};
		B5BC82CC2BD016A900291EB0 /* Resources */ = {
			isa = PBXGroup;
			children = (
				B5BC82B62BD0123500291EB0 /* Assets.xcassets */,
			);
			path = Resources;
			sourceTree = "<group>";
		};
		B5BC82CD2BD02C3B00291EB0 /* ViewModels */ = {
			isa = PBXGroup;
			children = (
				B5BC82CE2BD02C6200291EB0 /* QuoteViewModel.swift */,
			);
			path = ViewModels;
			sourceTree = "<group>";
		};
/* End PBXGroup section */

/* Begin PBXNativeTarget section */
		B5BC82A92BD0123200291EB0 /* RandomQuote */ = {
			isa = PBXNativeTarget;
			buildConfigurationList = B5BC82BE2BD0123500291EB0 /* Build configuration list for PBXNativeTarget "RandomQuote" */;
			buildPhases = (
				B5BC82A62BD0123200291EB0 /* Sources */,
				B5BC82A72BD0123200291EB0 /* Frameworks */,
				B5BC82A82BD0123200291EB0 /* Resources */,
			);
			buildRules = (
			);
			dependencies = (
			);
			name = RandomQuote;
			productName = RandomQuote;
			productReference = B5BC82AA2BD0123200291EB0 /* RandomQuote.app */;
			productType = "com.apple.product-type.application";
		};
/* End PBXNativeTarget section */

/* Begin PBXProject section */
		B5BC82A22BD0123200291EB0 /* Project object */ = {
			isa = PBXProject;
			attributes = {
				BuildIndependentTargetsInParallel = 1;
				LastSwiftUpdateCheck = 1500;
				LastUpgradeCheck = 1500;
				TargetAttributes = {
					B5BC82A92BD0123200291EB0 = {
						CreatedOnToolsVersion = 15.0.1;
					};
				};
			};
			buildConfigurationList = B5BC82A52BD0123200291EB0 /* Build configuration list for PBXProject "RandomQuote" */;
			compatibilityVersion = "Xcode 14.0";
			developmentRegion = en;
			hasScannedForEncodings = 0;
			knownRegions = (
				en,
				Base,
			);
			mainGroup = B5BC82A12BD0123200291EB0;
			productRefGroup = B5BC82AB2BD0123200291EB0 /* Products */;
			projectDirPath = "";
			projectRoot = "";
			targets = (
				B5BC82A92BD0123200291EB0 /* RandomQuote */,
			);
		};
/* End PBXProject section */

/* Begin PBXResourcesBuildPhase section */
		B5BC82A82BD0123200291EB0 /* Resources */ = {
			isa = PBXResourcesBuildPhase;
			buildActionMask = 2147483647;
			files = (
				B5BC82BA2BD0123500291EB0 /* LaunchScreen.storyboard in Resources */,
				B5BC82B72BD0123500291EB0 /* Assets.xcassets in Resources */,
				B5BC82B52BD0123200291EB0 /* Main.storyboard in Resources */,
			);
			runOnlyForDeploymentPostprocessing = 0;
		};
/* End PBXResourcesBuildPhase section */

/* Begin PBXSourcesBuildPhase section */
		B5BC82A62BD0123200291EB0 /* Sources */ = {
			isa = PBXSourcesBuildPhase;
			buildActionMask = 2147483647;
			files = (
				B5BC82C82BD0165F00291EB0 /* NetworkManager.swift in Sources */,
				B5BC82C22BD015BA00291EB0 /* Quote.swift in Sources */,
				B5BC82C62BD0164900291EB0 /* API.swift in Sources */,
				B5BC82B22BD0123200291EB0 /* QuoteViewController.swift in Sources */,
				B5BC82AE2BD0123200291EB0 /* AppDelegate.swift in Sources */,
				B5BC82B02BD0123200291EB0 /* SceneDelegate.swift in Sources */,
				B5BC82CF2BD02C6200291EB0 /* QuoteViewModel.swift in Sources */,
			);
			runOnlyForDeploymentPostprocessing = 0;
		};
/* End PBXSourcesBuildPhase section */

/* Begin PBXVariantGroup section */
		B5BC82B32BD0123200291EB0 /* Main.storyboard */ = {
			isa = PBXVariantGroup;
			children = (
				B5BC82B42BD0123200291EB0 /* Base */,
			);
			name = Main.storyboard;
			sourceTree = "<group>";
		};
		B5BC82B82BD0123500291EB0 /* LaunchScreen.storyboard */ = {
			isa = PBXVariantGroup;
			children = (
				B5BC82B92BD0123500291EB0 /* Base */,
			);
			name = LaunchScreen.storyboard;
			sourceTree = "<group>";
		};
/* End PBXVariantGroup section */

/* Begin XCBuildConfiguration section */
		B5BC82BC2BD0123500291EB0 /* Debug */ = {
			isa = XCBuildConfiguration;
			buildSettings = {
				ALWAYS_SEARCH_USER_PATHS = NO;
				ASSETCATALOG_COMPILER_GENERATE_SWIFT_ASSET_SYMBOL_EXTENSIONS = YES;
				CLANG_ANALYZER_NONNULL = YES;
				CLANG_ANALYZER_NUMBER_OBJECT_CONVERSION = YES_AGGRESSIVE;
				CLANG_CXX_LANGUAGE_STANDARD = "gnu++20";
				CLANG_ENABLE_MODULES = YES;
				CLANG_ENABLE_OBJC_ARC = YES;
				CLANG_ENABLE_OBJC_WEAK = YES;
				CLANG_WARN_BLOCK_CAPTURE_AUTORELEASING = YES;
				CLANG_WARN_BOOL_CONVERSION = YES;
				CLANG_WARN_COMMA = YES;
				CLANG_WARN_CONSTANT_CONVERSION = YES;
				CLANG_WARN_DEPRECATED_OBJC_IMPLEMENTATIONS = YES;
				CLANG_WARN_DIRECT_OBJC_ISA_USAGE = YES_ERROR;
				CLANG_WARN_DOCUMENTATION_COMMENTS = YES;
				CLANG_WARN_EMPTY_BODY = YES;
				CLANG_WARN_ENUM_CONVERSION = YES;
				CLANG_WARN_INFINITE_RECURSION = YES;
				CLANG_WARN_INT_CONVERSION = YES;
				CLANG_WARN_NON_LITERAL_NULL_CONVERSION = YES;
				CLANG_WARN_OBJC_IMPLICIT_RETAIN_SELF = YES;
				CLANG_WARN_OBJC_LITERAL_CONVERSION = YES;
				CLANG_WARN_OBJC_ROOT_CLASS = YES_ERROR;
				CLANG_WARN_QUOTED_INCLUDE_IN_FRAMEWORK_HEADER = YES;
				CLANG_WARN_RANGE_LOOP_ANALYSIS = YES;
				CLANG_WARN_STRICT_PROTOTYPES = YES;
				CLANG_WARN_SUSPICIOUS_MOVE = YES;
				CLANG_WARN_UNGUARDED_AVAILABILITY = YES_AGGRESSIVE;
				CLANG_WARN_UNREACHABLE_CODE = YES;
				CLANG_WARN__DUPLICATE_METHOD_MATCH = YES;
				COPY_PHASE_STRIP = NO;
				DEBUG_INFORMATION_FORMAT = dwarf;
				ENABLE_STRICT_OBJC_MSGSEND = YES;
				ENABLE_TESTABILITY = YES;
				ENABLE_USER_SCRIPT_SANDBOXING = YES;
				GCC_C_LANGUAGE_STANDARD = gnu17;
				GCC_DYNAMIC_NO_PIC = NO;
				GCC_NO_COMMON_BLOCKS = YES;
				GCC_OPTIMIZATION_LEVEL = 0;
				GCC_PREPROCESSOR_DEFINITIONS = (
					"DEBUG=1",
					"$(inherited)",
				);
				GCC_WARN_64_TO_32_BIT_CONVERSION = YES;
				GCC_WARN_ABOUT_RETURN_TYPE = YES_ERROR;
				GCC_WARN_UNDECLARED_SELECTOR = YES;
				GCC_WARN_UNINITIALIZED_AUTOS = YES_AGGRESSIVE;
				GCC_WARN_UNUSED_FUNCTION = YES;
				GCC_WARN_UNUSED_VARIABLE = YES;
				IPHONEOS_DEPLOYMENT_TARGET = 17.0;
				LOCALIZATION_PREFERS_STRING_CATALOGS = YES;
				MTL_ENABLE_DEBUG_INFO = INCLUDE_SOURCE;
				MTL_FAST_MATH = YES;
				ONLY_ACTIVE_ARCH = YES;
				SDKROOT = iphoneos;
				SWIFT_ACTIVE_COMPILATION_CONDITIONS = "DEBUG $(inherited)";
				SWIFT_OPTIMIZATION_LEVEL = "-Onone";
			};
			name = Debug;
		};
		B5BC82BD2BD0123500291EB0 /* Release */ = {
			isa = XCBuildConfiguration;
			buildSettings = {
				ALWAYS_SEARCH_USER_PATHS = NO;
				ASSETCATALOG_COMPILER_GENERATE_SWIFT_ASSET_SYMBOL_EXTENSIONS = YES;
				CLANG_ANALYZER_NONNULL = YES;
				CLANG_ANALYZER_NUMBER_OBJECT_CONVERSION = YES_AGGRESSIVE;
				CLANG_CXX_LANGUAGE_STANDARD = "gnu++20";
				CLANG_ENABLE_MODULES = YES;
				CLANG_ENABLE_OBJC_ARC = YES;
				CLANG_ENABLE_OBJC_WEAK = YES;
				CLANG_WARN_BLOCK_CAPTURE_AUTORELEASING = YES;
				CLANG_WARN_BOOL_CONVERSION = YES;
				CLANG_WARN_COMMA = YES;
				CLANG_WARN_CONSTANT_CONVERSION = YES;
				CLANG_WARN_DEPRECATED_OBJC_IMPLEMENTATIONS = YES;
				CLANG_WARN_DIRECT_OBJC_ISA_USAGE = YES_ERROR;
				CLANG_WARN_DOCUMENTATION_COMMENTS = YES;
				CLANG_WARN_EMPTY_BODY = YES;
				CLANG_WARN_ENUM_CONVERSION = YES;
				CLANG_WARN_INFINITE_RECURSION = YES;
				CLANG_WARN_INT_CONVERSION = YES;
				CLANG_WARN_NON_LITERAL_NULL_CONVERSION = YES;
				CLANG_WARN_OBJC_IMPLICIT_RETAIN_SELF = YES;
				CLANG_WARN_OBJC_LITERAL_CONVERSION = YES;
				CLANG_WARN_OBJC_ROOT_CLASS = YES_ERROR;
				CLANG_WARN_QUOTED_INCLUDE_IN_FRAMEWORK_HEADER = YES;
				CLANG_WARN_RANGE_LOOP_ANALYSIS = YES;
				CLANG_WARN_STRICT_PROTOTYPES = YES;
				CLANG_WARN_SUSPICIOUS_MOVE = YES;
				CLANG_WARN_UNGUARDED_AVAILABILITY = YES_AGGRESSIVE;
				CLANG_WARN_UNREACHABLE_CODE = YES;
				CLANG_WARN__DUPLICATE_METHOD_MATCH = YES;
				COPY_PHASE_STRIP = NO;
				DEBUG_INFORMATION_FORMAT = "dwarf-with-dsym";
				ENABLE_NS_ASSERTIONS = NO;
				ENABLE_STRICT_OBJC_MSGSEND = YES;
				ENABLE_USER_SCRIPT_SANDBOXING = YES;
				GCC_C_LANGUAGE_STANDARD = gnu17;
				GCC_NO_COMMON_BLOCKS = YES;
				GCC_WARN_64_TO_32_BIT_CONVERSION = YES;
				GCC_WARN_ABOUT_RETURN_TYPE = YES_ERROR;
				GCC_WARN_UNDECLARED_SELECTOR = YES;
				GCC_WARN_UNINITIALIZED_AUTOS = YES_AGGRESSIVE;
				GCC_WARN_UNUSED_FUNCTION = YES;
				GCC_WARN_UNUSED_VARIABLE = YES;
				IPHONEOS_DEPLOYMENT_TARGET = 17.0;
				LOCALIZATION_PREFERS_STRING_CATALOGS = YES;
				MTL_ENABLE_DEBUG_INFO = NO;
				MTL_FAST_MATH = YES;
				SDKROOT = iphoneos;
				SWIFT_COMPILATION_MODE = wholemodule;
				VALIDATE_PRODUCT = YES;
			};
			name = Release;
		};
		B5BC82BF2BD0123500291EB0 /* Debug */ = {
			isa = XCBuildConfiguration;
			buildSettings = {
				ASSETCATALOG_COMPILER_APPICON_NAME = AppIcon;
				ASSETCATALOG_COMPILER_GLOBAL_ACCENT_COLOR_NAME = AccentColor;
				CODE_SIGN_STYLE = Automatic;
				CURRENT_PROJECT_VERSION = 1;
				DEVELOPMENT_TEAM = 3CCNFR9RJK;
				GENERATE_INFOPLIST_FILE = YES;
				INFOPLIST_FILE = RandomQuote/Supporting/Info.plist;
				INFOPLIST_KEY_UIApplicationSupportsIndirectInputEvents = YES;
				INFOPLIST_KEY_UILaunchStoryboardName = LaunchScreen;
				INFOPLIST_KEY_UIMainStoryboardFile = Main;
				INFOPLIST_KEY_UISupportedInterfaceOrientations_iPad = "UIInterfaceOrientationPortrait UIInterfaceOrientationPortraitUpsideDown UIInterfaceOrientationLandscapeLeft UIInterfaceOrientationLandscapeRight";
				INFOPLIST_KEY_UISupportedInterfaceOrientations_iPhone = "UIInterfaceOrientationPortrait UIInterfaceOrientationLandscapeLeft UIInterfaceOrientationLandscapeRight";
				LD_RUNPATH_SEARCH_PATHS = (
					"$(inherited)",
					"@executable_path/Frameworks",
				);
				MARKETING_VERSION = 1.0;
				PRODUCT_BUNDLE_IDENTIFIER = com.AnastasiaKononchuk.RandomQuote;
				PRODUCT_NAME = "$(TARGET_NAME)";
				SWIFT_EMIT_LOC_STRINGS = YES;
				SWIFT_VERSION = 5.0;
				TARGETED_DEVICE_FAMILY = "1,2";
			};
			name = Debug;
		};
		B5BC82C02BD0123500291EB0 /* Release */ = {
			isa = XCBuildConfiguration;
			buildSettings = {
				ASSETCATALOG_COMPILER_APPICON_NAME = AppIcon;
				ASSETCATALOG_COMPILER_GLOBAL_ACCENT_COLOR_NAME = AccentColor;
				CODE_SIGN_STYLE = Automatic;
				CURRENT_PROJECT_VERSION = 1;
				DEVELOPMENT_TEAM = 3CCNFR9RJK;
				GENERATE_INFOPLIST_FILE = YES;
				INFOPLIST_FILE = RandomQuote/Supporting/Info.plist;
				INFOPLIST_KEY_UIApplicationSupportsIndirectInputEvents = YES;
				INFOPLIST_KEY_UILaunchStoryboardName = LaunchScreen;
				INFOPLIST_KEY_UIMainStoryboardFile = Main;
				INFOPLIST_KEY_UISupportedInterfaceOrientations_iPad = "UIInterfaceOrientationPortrait UIInterfaceOrientationPortraitUpsideDown UIInterfaceOrientationLandscapeLeft UIInterfaceOrientationLandscapeRight";
				INFOPLIST_KEY_UISupportedInterfaceOrientations_iPhone = "UIInterfaceOrientationPortrait UIInterfaceOrientationLandscapeLeft UIInterfaceOrientationLandscapeRight";
				LD_RUNPATH_SEARCH_PATHS = (
					"$(inherited)",
					"@executable_path/Frameworks",
				);
				MARKETING_VERSION = 1.0;
				PRODUCT_BUNDLE_IDENTIFIER = com.AnastasiaKononchuk.RandomQuote;
				PRODUCT_NAME = "$(TARGET_NAME)";
				SWIFT_EMIT_LOC_STRINGS = YES;
				SWIFT_VERSION = 5.0;
				TARGETED_DEVICE_FAMILY = "1,2";
			};
			name = Release;
		};
/* End XCBuildConfiguration section */

/* Begin XCConfigurationList section */
		B5BC82A52BD0123200291EB0 /* Build configuration list for PBXProject "RandomQuote" */ = {
			isa = XCConfigurationList;
			buildConfigurations = (
				B5BC82BC2BD0123500291EB0 /* Debug */,
				B5BC82BD2BD0123500291EB0 /* Release */,
			);
			defaultConfigurationIsVisible = 0;
			defaultConfigurationName = Release;
		};
		B5BC82BE2BD0123500291EB0 /* Build configuration list for PBXNativeTarget "RandomQuote" */ = {
			isa = XCConfigurationList;
			buildConfigurations = (
				B5BC82BF2BD0123500291EB0 /* Debug */,
				B5BC82C02BD0123500291EB0 /* Release */,
			);
			defaultConfigurationIsVisible = 0;
			defaultConfigurationName = Release;
		};
/* End XCConfigurationList section */
	};
	rootObject = B5BC82A22BD0123200291EB0 /* Project object */;
}
